
Microsoft Visual Studio Solution File, Format Version 12.00
# Visual Studio Version 17
VisualStudioVersion = 17.7.34031.279
MinimumVisualStudioVersion = 10.0.40219.1
Project("{8BC9CEB8-8B4A-11D0-8D11-00A0C91BC942}") = "Project2", "Project2\Project2.vcxproj", "{97456069-6B68-4047-B9B9-4F52FA0DB0DB}"
EndProject
Project("{8BC9CEB8-8B4A-11D0-8D11-00A0C91BC942}") = "Test", "Test\Test.vcxproj", "{15D207C1-0457-4D28-844A-761218EA9742}"
EndProject
Global
	GlobalSection(SolutionConfigurationPlatforms) = preSolution
		Debug|x64 = Debug|x64
		Debug|x86 = Debug|x86
		Release|x64 = Release|x64
		Release|x86 = Release|x86
	EndGlobalSection
	GlobalSection(ProjectConfigurationPlatforms) = postSolution
		{97456069-6B68-4047-B9B9-4F52FA0DB0DB}.Debug|x64.ActiveCfg = Debug|x64
		{97456069-6B68-4047-B9B9-4F52FA0DB0DB}.Debug|x64.Build.0 = Debug|x64
		{97456069-6B68-4047-B9B9-4F52FA0DB0DB}.Debug|x86.ActiveCfg = Debug|Win32
		{97456069-6B68-4047-B9B9-4F52FA0DB0DB}.Debug|x86.Build.0 = Debug|Win32
		{97456069-6B68-4047-B9B9-4F52FA0DB0DB}.Release|x64.ActiveCfg = Release|x64
		{97456069-6B68-4047-B9B9-4F52FA0DB0DB}.Release|x64.Build.0 = Release|x64
		{97456069-6B68-4047-B9B9-4F52FA0DB0DB}.Release|x86.ActiveCfg = Release|Win32
		{97456069-6B68-4047-B9B9-4F52FA0DB0DB}.Release|x86.Build.0 = Release|Win32
		{15D207C1-0457-4D28-844A-761218EA9742}.Debug|x64.ActiveCfg = Debug|x64
		{15D207C1-0457-4D28-844A-761218EA9742}.Debug|x64.Build.0 = Debug|x64
		{15D207C1-0457-4D28-844A-761218EA9742}.Debug|x86.ActiveCfg = Debug|Win32
		{15D207C1-0457-4D28-844A-761218EA9742}.Debug|x86.Build.0 = Debug|Win32
		{15D207C1-0457-4D28-844A-761218EA9742}.Release|x64.ActiveCfg = Release|x64
		{15D207C1-0457-4D28-844A-761218EA9742}.Release|x64.Build.0 = Release|x64
		{15D207C1-0457-4D28-844A-761218EA9742}.Release|x86.ActiveCfg = Release|Win32
		{15D207C1-0457-4D28-844A-761218EA9742}.Release|x86.Build.0 = Release|Win32
	EndGlobalSection
	GlobalSection(SolutionProperties) = preSolution
		HideSolutionNode = FALSE
	EndGlobalSection
	GlobalSection(ExtensibilityGlobals) = postSolution
		SolutionGuid = {D87E15DA-AE44-4C21-9DB3-D05EC2C11AF7}
	EndGlobalSection
EndGlobal
